
Microsoft Visual Studio Solution File, Format Version 12.00
# Visual Studio Version 17
VisualStudioVersion = 17.0.31903.59
MinimumVisualStudioVersion = 10.0.40219.1
Project("{2150E333-8FDC-42A3-9474-1A3956D46DE8}") = "src", "src", "{C11E0C74-3920-4543-8F72-CBB40061BEB1}"
EndProject
Project("{FAE04EC0-301F-11D3-BF4B-00C04F79EFBC}") = "TypedReflect", "src\TypedReflect\TypedReflect.csproj", "{8FBA0E76-B18F-47D4-882A-7FC965D5496D}"
EndProject
Project("{2150E333-8FDC-42A3-9474-1A3956D46DE8}") = "test", "test", "{27D11298-1D63-400F-A9D3-5213B7CDB950}"
EndProject
Project("{FAE04EC0-301F-11D3-BF4B-00C04F79EFBC}") = "TestTypes", "test\TestTypes\TestTypes.csproj", "{6A99BA9A-EC84-41A1-81E6-951242AF06CA}"
EndProject
Project("{2150E333-8FDC-42A3-9474-1A3956D46DE8}") = "TestApps", "TestApps", "{5A0C4A3E-66EF-4A9F-9D10-8774FF9B8C62}"
EndProject
Project("{FAE04EC0-301F-11D3-BF4B-00C04F79EFBC}") = "Console", "test\TestApps\Console\Console.csproj", "{61328446-5A38-4E33-BB6A-A110B8AB5C13}"
EndProject
Project("{FAE04EC0-301F-11D3-BF4B-00C04F79EFBC}") = "FieldsOnly", "test\TestApps\FieldsOnly\FieldsOnly.csproj", "{A04B81A7-DA2D-4750-A108-2E59FB26C949}"
EndProject
Project("{FAE04EC0-301F-11D3-BF4B-00C04F79EFBC}") = "Reflection", "test\TestApps\Reflection\Reflection.csproj", "{B76F304D-8CEE-46C6-BE07-FD0E0645E8A2}"
EndProject
Global
	GlobalSection(SolutionConfigurationPlatforms) = preSolution
		Debug|Any CPU = Debug|Any CPU
		Release|Any CPU = Release|Any CPU
	EndGlobalSection
	GlobalSection(SolutionProperties) = preSolution
		HideSolutionNode = FALSE
	EndGlobalSection
	GlobalSection(ProjectConfigurationPlatforms) = postSolution
		{8FBA0E76-B18F-47D4-882A-7FC965D5496D}.Debug|Any CPU.ActiveCfg = Debug|Any CPU
		{8FBA0E76-B18F-47D4-882A-7FC965D5496D}.Debug|Any CPU.Build.0 = Debug|Any CPU
		{8FBA0E76-B18F-47D4-882A-7FC965D5496D}.Release|Any CPU.ActiveCfg = Release|Any CPU
		{8FBA0E76-B18F-47D4-882A-7FC965D5496D}.Release|Any CPU.Build.0 = Release|Any CPU
		{6A99BA9A-EC84-41A1-81E6-951242AF06CA}.Debug|Any CPU.ActiveCfg = Debug|Any CPU
		{6A99BA9A-EC84-41A1-81E6-951242AF06CA}.Debug|Any CPU.Build.0 = Debug|Any CPU
		{6A99BA9A-EC84-41A1-81E6-951242AF06CA}.Release|Any CPU.ActiveCfg = Release|Any CPU
		{6A99BA9A-EC84-41A1-81E6-951242AF06CA}.Release|Any CPU.Build.0 = Release|Any CPU
		{61328446-5A38-4E33-BB6A-A110B8AB5C13}.Debug|Any CPU.ActiveCfg = Debug|Any CPU
		{61328446-5A38-4E33-BB6A-A110B8AB5C13}.Debug|Any CPU.Build.0 = Debug|Any CPU
		{61328446-5A38-4E33-BB6A-A110B8AB5C13}.Release|Any CPU.ActiveCfg = Release|Any CPU
		{61328446-5A38-4E33-BB6A-A110B8AB5C13}.Release|Any CPU.Build.0 = Release|Any CPU
		{A04B81A7-DA2D-4750-A108-2E59FB26C949}.Debug|Any CPU.ActiveCfg = Debug|Any CPU
		{A04B81A7-DA2D-4750-A108-2E59FB26C949}.Debug|Any CPU.Build.0 = Debug|Any CPU
		{A04B81A7-DA2D-4750-A108-2E59FB26C949}.Release|Any CPU.ActiveCfg = Release|Any CPU
		{A04B81A7-DA2D-4750-A108-2E59FB26C949}.Release|Any CPU.Build.0 = Release|Any CPU
		{B76F304D-8CEE-46C6-BE07-FD0E0645E8A2}.Debug|Any CPU.ActiveCfg = Debug|Any CPU
		{B76F304D-8CEE-46C6-BE07-FD0E0645E8A2}.Debug|Any CPU.Build.0 = Debug|Any CPU
		{B76F304D-8CEE-46C6-BE07-FD0E0645E8A2}.Release|Any CPU.ActiveCfg = Release|Any CPU
		{B76F304D-8CEE-46C6-BE07-FD0E0645E8A2}.Release|Any CPU.Build.0 = Release|Any CPU
	EndGlobalSection
	GlobalSection(NestedProjects) = preSolution
		{8FBA0E76-B18F-47D4-882A-7FC965D5496D} = {C11E0C74-3920-4543-8F72-CBB40061BEB1}
		{6A99BA9A-EC84-41A1-81E6-951242AF06CA} = {27D11298-1D63-400F-A9D3-5213B7CDB950}
		{5A0C4A3E-66EF-4A9F-9D10-8774FF9B8C62} = {27D11298-1D63-400F-A9D3-5213B7CDB950}
		{61328446-5A38-4E33-BB6A-A110B8AB5C13} = {5A0C4A3E-66EF-4A9F-9D10-8774FF9B8C62}
		{A04B81A7-DA2D-4750-A108-2E59FB26C949} = {5A0C4A3E-66EF-4A9F-9D10-8774FF9B8C62}
		{B76F304D-8CEE-46C6-BE07-FD0E0645E8A2} = {5A0C4A3E-66EF-4A9F-9D10-8774FF9B8C62}
	EndGlobalSection
EndGlobal
